
Microsoft Visual Studio Solution File, Format Version 12.00
# Visual Studio Version 17
VisualStudioVersion = 17.2.32505.173
MinimumVisualStudioVersion = 10.0.40219.1
Project("{FAE04EC0-301F-11D3-BF4B-00C04F79EFBC}") = "GesturesDemo.Android", "GesturesDemo\GesturesDemo.Android\GesturesDemo.Android.csproj", "{A5FEAC6C-ABDA-4117-BD9F-846F75733CA3}"
EndProject
Project("{FAE04EC0-301F-11D3-BF4B-00C04F79EFBC}") = "GesturesDemo", "GesturesDemo\GesturesDemo\GesturesDemo.csproj", "{3D524787-2498-4939-B020-43558A139B29}"
EndProject
Global
	GlobalSection(SolutionConfigurationPlatforms) = preSolution
		Debug|Any CPU = Debug|Any CPU
		Release|Any CPU = Release|Any CPU
	EndGlobalSection
	GlobalSection(ProjectConfigurationPlatforms) = postSolution
		{A5FEAC6C-ABDA-4117-BD9F-846F75733CA3}.Debug|Any CPU.ActiveCfg = Debug|Any CPU
		{A5FEAC6C-ABDA-4117-BD9F-846F75733CA3}.Debug|Any CPU.Build.0 = Debug|Any CPU
		{A5FEAC6C-ABDA-4117-BD9F-846F75733CA3}.Debug|Any CPU.Deploy.0 = Debug|Any CPU
		{A5FEAC6C-ABDA-4117-BD9F-846F75733CA3}.Release|Any CPU.ActiveCfg = Release|Any CPU
		{A5FEAC6C-ABDA-4117-BD9F-846F75733CA3}.Release|Any CPU.Build.0 = Release|Any CPU
		{A5FEAC6C-ABDA-4117-BD9F-846F75733CA3}.Release|Any CPU.Deploy.0 = Release|Any CPU
		{3D524787-2498-4939-B020-43558A139B29}.Debug|Any CPU.ActiveCfg = Debug|Any CPU
		{3D524787-2498-4939-B020-43558A139B29}.Debug|Any CPU.Build.0 = Debug|Any CPU
		{3D524787-2498-4939-B020-43558A139B29}.Debug|Any CPU.Deploy.0 = Debug|Any CPU
		{3D524787-2498-4939-B020-43558A139B29}.Release|Any CPU.ActiveCfg = Release|Any CPU
		{3D524787-2498-4939-B020-43558A139B29}.Release|Any CPU.Build.0 = Release|Any CPU
		{3D524787-2498-4939-B020-43558A139B29}.Release|Any CPU.Deploy.0 = Release|Any CPU
	EndGlobalSection
	GlobalSection(SolutionProperties) = preSolution
		HideSolutionNode = FALSE
	EndGlobalSection
	GlobalSection(ExtensibilityGlobals) = postSolution
		SolutionGuid = {D6E19BD1-836B-466A-B786-C7D5E5A96F42}
	EndGlobalSection
EndGlobal
